
Microsoft Visual Studio Solution File, Format Version 12.00
# Visual Studio Version 16
VisualStudioVersion = 16.0.30621.155
MinimumVisualStudioVersion = 10.0.40219.1
Project("{FAE04EC0-301F-11D3-BF4B-00C04F79EFBC}") = "TrickingLibrary.Api", "TrickingLibrary.Api\TrickingLibrary.Api.csproj", "{744A6762-C0CE-474C-8987-776D3375307B}"
EndProject
Global
	GlobalSection(SolutionConfigurationPlatforms) = preSolution
		Debug|Any CPU = Debug|Any CPU
		Release|Any CPU = Release|Any CPU
	EndGlobalSection
	GlobalSection(ProjectConfigurationPlatforms) = postSolution
		{744A6762-C0CE-474C-8987-776D3375307B}.Debug|Any CPU.ActiveCfg = Debug|Any CPU
		{744A6762-C0CE-474C-8987-776D3375307B}.Debug|Any CPU.Build.0 = Debug|Any CPU
		{744A6762-C0CE-474C-8987-776D3375307B}.Release|Any CPU.ActiveCfg = Release|Any CPU
		{744A6762-C0CE-474C-8987-776D3375307B}.Release|Any CPU.Build.0 = Release|Any CPU
	EndGlobalSection
	GlobalSection(SolutionProperties) = preSolution
		HideSolutionNode = FALSE
	EndGlobalSection
	GlobalSection(ExtensibilityGlobals) = postSolution
		SolutionGuid = {6D30739A-3173-436D-8E5E-78620C84493F}
	EndGlobalSection
EndGlobal
